
Microsoft Visual Studio Solution File, Format Version 12.00
# Visual Studio Version 16
VisualStudioVersion = 16.0.29123.88
MinimumVisualStudioVersion = 10.0.40219.1
Project("{888888A0-9F3D-457C-B088-3A5042F75D52}") = "Laboratorio", "Laboratorio\Laboratorio.pyproj", "{71DEA4CC-DA54-4B03-94BB-B7BB4B30D99D}"
EndProject
Global
	GlobalSection(SolutionConfigurationPlatforms) = preSolution
		Debug|Any CPU = Debug|Any CPU
		Release|Any CPU = Release|Any CPU
	EndGlobalSection
	GlobalSection(ProjectConfigurationPlatforms) = postSolution
		{71DEA4CC-DA54-4B03-94BB-B7BB4B30D99D}.Debug|Any CPU.ActiveCfg = Debug|Any CPU
		{71DEA4CC-DA54-4B03-94BB-B7BB4B30D99D}.Release|Any CPU.ActiveCfg = Release|Any CPU
	EndGlobalSection
	GlobalSection(SolutionProperties) = preSolution
		HideSolutionNode = FALSE
	EndGlobalSection
	GlobalSection(ExtensibilityGlobals) = postSolution
		SolutionGuid = {C8706707-02C6-423A-8217-B9A9127387A1}
	EndGlobalSection
EndGlobal
